// !$*UTF8*$!
{
	archiveVersion = 1;
	classes = {
	};
	objectVersion = 56;
	objects = {

/* Begin PBXBuildFile section */
		70AE9B3A2C7D441D00771B65 /* imarketApp.swift in Sources */ = {isa = PBXBuildFile; fileRef = 70AE9B392C7D441D00771B65 /* imarketApp.swift */; };
		70AE9B3C2C7D441D00771B65 /* ContentView.swift in Sources */ = {isa = PBXBuildFile; fileRef = 70AE9B3B2C7D441D00771B65 /* ContentView.swift */; };
		70AE9B3E2C7D441E00771B65 /* Assets.xcassets in Resources */ = {isa = PBXBuildFile; fileRef = 70AE9B3D2C7D441E00771B65 /* Assets.xcassets */; };
		70AE9B412C7D441E00771B65 /* Preview Assets.xcassets in Resources */ = {isa = PBXBuildFile; fileRef = 70AE9B402C7D441E00771B65 /* Preview Assets.xcassets */; };
		70AE9B482C7D459E00771B65 /* ProductModel.swift in Sources */ = {isa = PBXBuildFile; fileRef = 70AE9B472C7D459E00771B65 /* ProductModel.swift */; };
		70AE9B4A2C7D45DC00771B65 /* ProductService.swift in Sources */ = {isa = PBXBuildFile; fileRef = 70AE9B492C7D45DC00771B65 /* ProductService.swift */; };
		70AE9B4E2C7D460300771B65 /* ProductViewModel.swift in Sources */ = {isa = PBXBuildFile; fileRef = 70AE9B4D2C7D460300771B65 /* ProductViewModel.swift */; };
		70AE9B522C7D462100771B65 /* ProductsView.swift in Sources */ = {isa = PBXBuildFile; fileRef = 70AE9B512C7D462100771B65 /* ProductsView.swift */; };
		70AE9B542C7D464B00771B65 /* CartsView.swift in Sources */ = {isa = PBXBuildFile; fileRef = 70AE9B532C7D464B00771B65 /* CartsView.swift */; };
		70AE9B562C7D48B300771B65 /* MyItemsView.swift in Sources */ = {isa = PBXBuildFile; fileRef = 70AE9B552C7D48B300771B65 /* MyItemsView.swift */; };
/* End PBXBuildFile section */

/* Begin PBXFileReference section */
		70AE9B362C7D441D00771B65 /* imarket.app */ = {isa = PBXFileReference; explicitFileType = wrapper.application; includeInIndex = 0; path = imarket.app; sourceTree = BUILT_PRODUCTS_DIR; };
		70AE9B392C7D441D00771B65 /* imarketApp.swift */ = {isa = PBXFileReference; lastKnownFileType = sourcecode.swift; path = imarketApp.swift; sourceTree = "<group>"; };
		70AE9B3B2C7D441D00771B65 /* ContentView.swift */ = {isa = PBXFileReference; lastKnownFileType = sourcecode.swift; path = ContentView.swift; sourceTree = "<group>"; };
		70AE9B3D2C7D441E00771B65 /* Assets.xcassets */ = {isa = PBXFileReference; lastKnownFileType = folder.assetcatalog; path = Assets.xcassets; sourceTree = "<group>"; };
		70AE9B402C7D441E00771B65 /* Preview Assets.xcassets */ = {isa = PBXFileReference; lastKnownFileType = folder.assetcatalog; path = "Preview Assets.xcassets"; sourceTree = "<group>"; };
		70AE9B472C7D459E00771B65 /* ProductModel.swift */ = {isa = PBXFileReference; lastKnownFileType = sourcecode.swift; path = ProductModel.swift; sourceTree = "<group>"; };
		70AE9B492C7D45DC00771B65 /* ProductService.swift */ = {isa = PBXFileReference; lastKnownFileType = sourcecode.swift; path = ProductService.swift; sourceTree = "<group>"; };
		70AE9B4D2C7D460300771B65 /* ProductViewModel.swift */ = {isa = PBXFileReference; lastKnownFileType = sourcecode.swift; path = ProductViewModel.swift; sourceTree = "<group>"; };
		70AE9B512C7D462100771B65 /* ProductsView.swift */ = {isa = PBXFileReference; lastKnownFileType = sourcecode.swift; path = ProductsView.swift; sourceTree = "<group>"; };
		70AE9B532C7D464B00771B65 /* CartsView.swift */ = {isa = PBXFileReference; lastKnownFileType = sourcecode.swift; path = CartsView.swift; sourceTree = "<group>"; };
		70AE9B552C7D48B300771B65 /* MyItemsView.swift */ = {isa = PBXFileReference; lastKnownFileType = sourcecode.swift; path = MyItemsView.swift; sourceTree = "<group>"; };
/* End PBXFileReference section */

/* Begin PBXFrameworksBuildPhase section */
		70AE9B332C7D441D00771B65 /* Frameworks */ = {
			isa = PBXFrameworksBuildPhase;
			buildActionMask = 2147483647;
			files = (
			);
			runOnlyForDeploymentPostprocessing = 0;
		};
/* End PBXFrameworksBuildPhase section */

/* Begin PBXGroup section */
		70AE9B2D2C7D441D00771B65 = {
			isa = PBXGroup;
			children = (
				70AE9B382C7D441D00771B65 /* imarket */,
				70AE9B372C7D441D00771B65 /* Products */,
			);
			sourceTree = "<group>";
		};
		70AE9B372C7D441D00771B65 /* Products */ = {
			isa = PBXGroup;
			children = (
				70AE9B362C7D441D00771B65 /* imarket.app */,
			);
			name = Products;
			sourceTree = "<group>";
		};
		70AE9B382C7D441D00771B65 /* imarket */ = {
			isa = PBXGroup;
			children = (
				70AE9B392C7D441D00771B65 /* imarketApp.swift */,
				70AE9B3B2C7D441D00771B65 /* ContentView.swift */,
				70AE9B3D2C7D441E00771B65 /* Assets.xcassets */,
				70AE9B3F2C7D441E00771B65 /* Preview Content */,
				70AE9B472C7D459E00771B65 /* ProductModel.swift */,
				70AE9B492C7D45DC00771B65 /* ProductService.swift */,
				70AE9B4D2C7D460300771B65 /* ProductViewModel.swift */,
				70AE9B512C7D462100771B65 /* ProductsView.swift */,
				70AE9B532C7D464B00771B65 /* CartsView.swift */,
				70AE9B552C7D48B300771B65 /* MyItemsView.swift */,
			);
			path = imarket;
			sourceTree = "<group>";
		};
		70AE9B3F2C7D441E00771B65 /* Preview Content */ = {
			isa = PBXGroup;
			children = (
				70AE9B402C7D441E00771B65 /* Preview Assets.xcassets */,
			);
			path = "Preview Content";
			sourceTree = "<group>";
		};
/* End PBXGroup section */

/* Begin PBXNativeTarget section */
		70AE9B352C7D441D00771B65 /* imarket */ = {
			isa = PBXNativeTarget;
			buildConfigurationList = 70AE9B442C7D441E00771B65 /* Build configuration list for PBXNativeTarget "imarket" */;
			buildPhases = (
				70AE9B322C7D441D00771B65 /* Sources */,
				70AE9B332C7D441D00771B65 /* Frameworks */,
				70AE9B342C7D441D00771B65 /* Resources */,
			);
			buildRules = (
			);
			dependencies = (
			);
			name = imarket;
			productName = imarket;
			productReference = 70AE9B362C7D441D00771B65 /* imarket.app */;
			productType = "com.apple.product-type.application";
		};
/* End PBXNativeTarget section */

/* Begin PBXProject section */
		70AE9B2E2C7D441D00771B65 /* Project object */ = {
			isa = PBXProject;
			attributes = {
				BuildIndependentTargetsInParallel = 1;
				LastSwiftUpdateCheck = 1500;
				LastUpgradeCheck = 1500;
				TargetAttributes = {
					70AE9B352C7D441D00771B65 = {
						CreatedOnToolsVersion = 15.0.1;
					};
				};
			};
			buildConfigurationList = 70AE9B312C7D441D00771B65 /* Build configuration list for PBXProject "imarket" */;
			compatibilityVersion = "Xcode 14.0";
			developmentRegion = en;
			hasScannedForEncodings = 0;
			knownRegions = (
				en,
				Base,
			);
			mainGroup = 70AE9B2D2C7D441D00771B65;
			productRefGroup = 70AE9B372C7D441D00771B65 /* Products */;
			projectDirPath = "";
			projectRoot = "";
			targets = (
				70AE9B352C7D441D00771B65 /* imarket */,
			);
		};
/* End PBXProject section */

/* Begin PBXResourcesBuildPhase section */
		70AE9B342C7D441D00771B65 /* Resources */ = {
			isa = PBXResourcesBuildPhase;
			buildActionMask = 2147483647;
			files = (
				70AE9B412C7D441E00771B65 /* Preview Assets.xcassets in Resources */,
				70AE9B3E2C7D441E00771B65 /* Assets.xcassets in Resources */,
			);
			runOnlyForDeploymentPostprocessing = 0;
		};
/* End PBXResourcesBuildPhase section */

/* Begin PBXSourcesBuildPhase section */
		70AE9B322C7D441D00771B65 /* Sources */ = {
			isa = PBXSourcesBuildPhase;
			buildActionMask = 2147483647;
			files = (
				70AE9B3C2C7D441D00771B65 /* ContentView.swift in Sources */,
				70AE9B4E2C7D460300771B65 /* ProductViewModel.swift in Sources */,
				70AE9B522C7D462100771B65 /* ProductsView.swift in Sources */,
				70AE9B4A2C7D45DC00771B65 /* ProductService.swift in Sources */,
				70AE9B482C7D459E00771B65 /* ProductModel.swift in Sources */,
				70AE9B562C7D48B300771B65 /* MyItemsView.swift in Sources */,
				70AE9B542C7D464B00771B65 /* CartsView.swift in Sources */,
				70AE9B3A2C7D441D00771B65 /* imarketApp.swift in Sources */,
			);
			runOnlyForDeploymentPostprocessing = 0;
		};
/* End PBXSourcesBuildPhase section */

/* Begin XCBuildConfiguration section */
		70AE9B422C7D441E00771B65 /* Debug */ = {
			isa = XCBuildConfiguration;
			buildSettings = {
				ALWAYS_SEARCH_USER_PATHS = NO;
				ASSETCATALOG_COMPILER_GENERATE_SWIFT_ASSET_SYMBOL_EXTENSIONS = YES;
				CLANG_ANALYZER_NONNULL = YES;
				CLANG_ANALYZER_NUMBER_OBJECT_CONVERSION = YES_AGGRESSIVE;
				CLANG_CXX_LANGUAGE_STANDARD = "gnu++20";
				CLANG_ENABLE_MODULES = YES;
				CLANG_ENABLE_OBJC_ARC = YES;
				CLANG_ENABLE_OBJC_WEAK = YES;
				CLANG_WARN_BLOCK_CAPTURE_AUTORELEASING = YES;
				CLANG_WARN_BOOL_CONVERSION = YES;
				CLANG_WARN_COMMA = YES;
				CLANG_WARN_CONSTANT_CONVERSION = YES;
				CLANG_WARN_DEPRECATED_OBJC_IMPLEMENTATIONS = YES;
				CLANG_WARN_DIRECT_OBJC_ISA_USAGE = YES_ERROR;
				CLANG_WARN_DOCUMENTATION_COMMENTS = YES;
				CLANG_WARN_EMPTY_BODY = YES;
				CLANG_WARN_ENUM_CONVERSION = YES;
				CLANG_WARN_INFINITE_RECURSION = YES;
				CLANG_WARN_INT_CONVERSION = YES;
				CLANG_WARN_NON_LITERAL_NULL_CONVERSION = YES;
				CLANG_WARN_OBJC_IMPLICIT_RETAIN_SELF = YES;
				CLANG_WARN_OBJC_LITERAL_CONVERSION = YES;
				CLANG_WARN_OBJC_ROOT_CLASS = YES_ERROR;
				CLANG_WARN_QUOTED_INCLUDE_IN_FRAMEWORK_HEADER = YES;
				CLANG_WARN_RANGE_LOOP_ANALYSIS = YES;
				CLANG_WARN_STRICT_PROTOTYPES = YES;
				CLANG_WARN_SUSPICIOUS_MOVE = YES;
				CLANG_WARN_UNGUARDED_AVAILABILITY = YES_AGGRESSIVE;
				CLANG_WARN_UNREACHABLE_CODE = YES;
				CLANG_WARN__DUPLICATE_METHOD_MATCH = YES;
				COPY_PHASE_STRIP = NO;
				DEBUG_INFORMATION_FORMAT = dwarf;
				ENABLE_STRICT_OBJC_MSGSEND = YES;
				ENABLE_TESTABILITY = YES;
				ENABLE_USER_SCRIPT_SANDBOXING = YES;
				GCC_C_LANGUAGE_STANDARD = gnu17;
				GCC_DYNAMIC_NO_PIC = NO;
				GCC_NO_COMMON_BLOCKS = YES;
				GCC_OPTIMIZATION_LEVEL = 0;
				GCC_PREPROCESSOR_DEFINITIONS = (
					"DEBUG=1",
					"$(inherited)",
				);
				GCC_WARN_64_TO_32_BIT_CONVERSION = YES;
				GCC_WARN_ABOUT_RETURN_TYPE = YES_ERROR;
				GCC_WARN_UNDECLARED_SELECTOR = YES;
				GCC_WARN_UNINITIALIZED_AUTOS = YES_AGGRESSIVE;
				GCC_WARN_UNUSED_FUNCTION = YES;
				GCC_WARN_UNUSED_VARIABLE = YES;
				IPHONEOS_DEPLOYMENT_TARGET = 17.0;
				LOCALIZATION_PREFERS_STRING_CATALOGS = YES;
				MTL_ENABLE_DEBUG_INFO = INCLUDE_SOURCE;
				MTL_FAST_MATH = YES;
				ONLY_ACTIVE_ARCH = YES;
				SDKROOT = iphoneos;
				SWIFT_ACTIVE_COMPILATION_CONDITIONS = "DEBUG $(inherited)";
				SWIFT_OPTIMIZATION_LEVEL = "-Onone";
			};
			name = Debug;
		};
		70AE9B432C7D441E00771B65 /* Release */ = {
			isa = XCBuildConfiguration;
			buildSettings = {
				ALWAYS_SEARCH_USER_PATHS = NO;
				ASSETCATALOG_COMPILER_GENERATE_SWIFT_ASSET_SYMBOL_EXTENSIONS = YES;
				CLANG_ANALYZER_NONNULL = YES;
				CLANG_ANALYZER_NUMBER_OBJECT_CONVERSION = YES_AGGRESSIVE;
				CLANG_CXX_LANGUAGE_STANDARD = "gnu++20";
				CLANG_ENABLE_MODULES = YES;
				CLANG_ENABLE_OBJC_ARC = YES;
				CLANG_ENABLE_OBJC_WEAK = YES;
				CLANG_WARN_BLOCK_CAPTURE_AUTORELEASING = YES;
				CLANG_WARN_BOOL_CONVERSION = YES;
				CLANG_WARN_COMMA = YES;
				CLANG_WARN_CONSTANT_CONVERSION = YES;
				CLANG_WARN_DEPRECATED_OBJC_IMPLEMENTATIONS = YES;
				CLANG_WARN_DIRECT_OBJC_ISA_USAGE = YES_ERROR;
				CLANG_WARN_DOCUMENTATION_COMMENTS = YES;
				CLANG_WARN_EMPTY_BODY = YES;
				CLANG_WARN_ENUM_CONVERSION = YES;
				CLANG_WARN_INFINITE_RECURSION = YES;
				CLANG_WARN_INT_CONVERSION = YES;
				CLANG_WARN_NON_LITERAL_NULL_CONVERSION = YES;
				CLANG_WARN_OBJC_IMPLICIT_RETAIN_SELF = YES;
				CLANG_WARN_OBJC_LITERAL_CONVERSION = YES;
				CLANG_WARN_OBJC_ROOT_CLASS = YES_ERROR;
				CLANG_WARN_QUOTED_INCLUDE_IN_FRAMEWORK_HEADER = YES;
				CLANG_WARN_RANGE_LOOP_ANALYSIS = YES;
				CLANG_WARN_STRICT_PROTOTYPES = YES;
				CLANG_WARN_SUSPICIOUS_MOVE = YES;
				CLANG_WARN_UNGUARDED_AVAILABILITY = YES_AGGRESSIVE;
				CLANG_WARN_UNREACHABLE_CODE = YES;
				CLANG_WARN__DUPLICATE_METHOD_MATCH = YES;
				COPY_PHASE_STRIP = NO;
				DEBUG_INFORMATION_FORMAT = "dwarf-with-dsym";
				ENABLE_NS_ASSERTIONS = NO;
				ENABLE_STRICT_OBJC_MSGSEND = YES;
				ENABLE_USER_SCRIPT_SANDBOXING = YES;
				GCC_C_LANGUAGE_STANDARD = gnu17;
				GCC_NO_COMMON_BLOCKS = YES;
				GCC_WARN_64_TO_32_BIT_CONVERSION = YES;
				GCC_WARN_ABOUT_RETURN_TYPE = YES_ERROR;
				GCC_WARN_UNDECLARED_SELECTOR = YES;
				GCC_WARN_UNINITIALIZED_AUTOS = YES_AGGRESSIVE;
				GCC_WARN_UNUSED_FUNCTION = YES;
				GCC_WARN_UNUSED_VARIABLE = YES;
				IPHONEOS_DEPLOYMENT_TARGET = 17.0;
				LOCALIZATION_PREFERS_STRING_CATALOGS = YES;
				MTL_ENABLE_DEBUG_INFO = NO;
				MTL_FAST_MATH = YES;
				SDKROOT = iphoneos;
				SWIFT_COMPILATION_MODE = wholemodule;
				VALIDATE_PRODUCT = YES;
			};
			name = Release;
		};
		70AE9B452C7D441E00771B65 /* Debug */ = {
			isa = XCBuildConfiguration;
			buildSettings = {
				ASSETCATALOG_COMPILER_APPICON_NAME = AppIcon;
				ASSETCATALOG_COMPILER_GLOBAL_ACCENT_COLOR_NAME = AccentColor;
				CODE_SIGN_STYLE = Automatic;
				CURRENT_PROJECT_VERSION = 1;
				DEVELOPMENT_ASSET_PATHS = "\"imarket/Preview Content\"";
				ENABLE_PREVIEWS = YES;
				GENERATE_INFOPLIST_FILE = YES;
				INFOPLIST_KEY_UIApplicationSceneManifest_Generation = YES;
				INFOPLIST_KEY_UIApplicationSupportsIndirectInputEvents = YES;
				INFOPLIST_KEY_UILaunchScreen_Generation = YES;
				INFOPLIST_KEY_UISupportedInterfaceOrientations_iPad = "UIInterfaceOrientationPortrait UIInterfaceOrientationPortraitUpsideDown UIInterfaceOrientationLandscapeLeft UIInterfaceOrientationLandscapeRight";
				INFOPLIST_KEY_UISupportedInterfaceOrientations_iPhone = "UIInterfaceOrientationPortrait UIInterfaceOrientationLandscapeLeft UIInterfaceOrientationLandscapeRight";
				LD_RUNPATH_SEARCH_PATHS = (
					"$(inherited)",
					"@executable_path/Frameworks",
				);
				MARKETING_VERSION = 1.0;
				PRODUCT_BUNDLE_IDENTIFIER = com.riyamodak.imarket;
				PRODUCT_NAME = "$(TARGET_NAME)";
				SWIFT_EMIT_LOC_STRINGS = YES;
				SWIFT_VERSION = 5.0;
				TARGETED_DEVICE_FAMILY = "1,2";
			};
			name = Debug;
		};
		70AE9B462C7D441E00771B65 /* Release */ = {
			isa = XCBuildConfiguration;
			buildSettings = {
				ASSETCATALOG_COMPILER_APPICON_NAME = AppIcon;
				ASSETCATALOG_COMPILER_GLOBAL_ACCENT_COLOR_NAME = AccentColor;
				CODE_SIGN_STYLE = Automatic;
				CURRENT_PROJECT_VERSION = 1;
				DEVELOPMENT_ASSET_PATHS = "\"imarket/Preview Content\"";
				ENABLE_PREVIEWS = YES;
				GENERATE_INFOPLIST_FILE = YES;
				INFOPLIST_KEY_UIApplicationSceneManifest_Generation = YES;
				INFOPLIST_KEY_UIApplicationSupportsIndirectInputEvents = YES;
				INFOPLIST_KEY_UILaunchScreen_Generation = YES;
				INFOPLIST_KEY_UISupportedInterfaceOrientations_iPad = "UIInterfaceOrientationPortrait UIInterfaceOrientationPortraitUpsideDown UIInterfaceOrientationLandscapeLeft UIInterfaceOrientationLandscapeRight";
				INFOPLIST_KEY_UISupportedInterfaceOrientations_iPhone = "UIInterfaceOrientationPortrait UIInterfaceOrientationLandscapeLeft UIInterfaceOrientationLandscapeRight";
				LD_RUNPATH_SEARCH_PATHS = (
					"$(inherited)",
					"@executable_path/Frameworks",
				);
				MARKETING_VERSION = 1.0;
				PRODUCT_BUNDLE_IDENTIFIER = com.riyamodak.imarket;
				PRODUCT_NAME = "$(TARGET_NAME)";
				SWIFT_EMIT_LOC_STRINGS = YES;
				SWIFT_VERSION = 5.0;
				TARGETED_DEVICE_FAMILY = "1,2";
			};
			name = Release;
		};
/* End XCBuildConfiguration section */

/* Begin XCConfigurationList section */
		70AE9B312C7D441D00771B65 /* Build configuration list for PBXProject "imarket" */ = {
			isa = XCConfigurationList;
			buildConfigurations = (
				70AE9B422C7D441E00771B65 /* Debug */,
				70AE9B432C7D441E00771B65 /* Release */,
			);
			defaultConfigurationIsVisible = 0;
			defaultConfigurationName = Release;
		};
		70AE9B442C7D441E00771B65 /* Build configuration list for PBXNativeTarget "imarket" */ = {
			isa = XCConfigurationList;
			buildConfigurations = (
				70AE9B452C7D441E00771B65 /* Debug */,
				70AE9B462C7D441E00771B65 /* Release */,
			);
			defaultConfigurationIsVisible = 0;
			defaultConfigurationName = Release;
		};
/* End XCConfigurationList section */
	};
	rootObject = 70AE9B2E2C7D441D00771B65 /* Project object */;
}
